{
  "name": "test",
  "version": "1.0.0",
  "lockfileVersion": 3,
  "requires": true,
  "packages": {
    "": {
      "name": "test",
      "version": "1.0.0",
      "license": "ISC",
      "dependencies": {
        "moment": "^2.30.1",
        "node-x12": "^1.7.1"
      }
    },
    "node_modules/moment": {
      "version": "2.30.1",
      "resolved": "https://registry.npmjs.org/moment/-/moment-2.30.1.tgz",
      "integrity": "sha512-uEmtNhbDOrWPFS+hdjFCBfy9f2YoyzRpwcl+DqpC6taX21FzsTLQVbMV/W7PzNSX6x/bhC1zA3c2UQ5NzH6how==",
      "license": "MIT",
      "engines": {
        "node": "*"
      }
    },
    "node_modules/node-x12": {
      "version": "1.7.1",
      "resolved": "https://registry.npmjs.org/node-x12/-/node-x12-1.7.1.tgz",
      "integrity": "sha512-Iv7W218+RY+aebKunYFxjel5qnwVsfiQpsOv35kkPxV860rA7tpIz15bLzKqQy9mzbqQAT1dSXPD+y4S91EE+A==",
      "license": "MIT"
    }
  }
}
